// !$*UTF8*$!
{
	archiveVersion = 1;
	classes = {
	};
	objectVersion = 55;
	objects = {

/* Begin PBXBuildFile section */
		A6CFAB6C267B2DC900DCEA11 /* PreferenceKeys.swift in Sources */ = {isa = PBXBuildFile; fileRef = A6CFAB6B267B2DC900DCEA11 /* PreferenceKeys.swift */; };
		A6CFAB6D267B2DC900DCEA11 /* PreferenceKeys.swift in Sources */ = {isa = PBXBuildFile; fileRef = A6CFAB6B267B2DC900DCEA11 /* PreferenceKeys.swift */; };
		A6E94C9026734B7D00A1A2C2 /* ExamplesApp.swift in Sources */ = {isa = PBXBuildFile; fileRef = A6E94C8226734B7900A1A2C2 /* ExamplesApp.swift */; };
		A6E94C9126734B7D00A1A2C2 /* ExamplesApp.swift in Sources */ = {isa = PBXBuildFile; fileRef = A6E94C8226734B7900A1A2C2 /* ExamplesApp.swift */; };
		A6E94C9226734B7D00A1A2C2 /* ContentView.swift in Sources */ = {isa = PBXBuildFile; fileRef = A6E94C8326734B7900A1A2C2 /* ContentView.swift */; };
		A6E94C9326734B7D00A1A2C2 /* ContentView.swift in Sources */ = {isa = PBXBuildFile; fileRef = A6E94C8326734B7900A1A2C2 /* ContentView.swift */; };
		A6E94C9426734B7D00A1A2C2 /* Assets.xcassets in Resources */ = {isa = PBXBuildFile; fileRef = A6E94C8426734B7D00A1A2C2 /* Assets.xcassets */; };
		A6E94C9526734B7D00A1A2C2 /* Assets.xcassets in Resources */ = {isa = PBXBuildFile; fileRef = A6E94C8426734B7D00A1A2C2 /* Assets.xcassets */; };
		A6E94C9F26734BBD00A1A2C2 /* PullToRefreshWithAsyncAwait.swift in Sources */ = {isa = PBXBuildFile; fileRef = A6E94C9E26734BBD00A1A2C2 /* PullToRefreshWithAsyncAwait.swift */; };
		A6E94CA026734BBD00A1A2C2 /* PullToRefreshWithAsyncAwait.swift in Sources */ = {isa = PBXBuildFile; fileRef = A6E94C9E26734BBD00A1A2C2 /* PullToRefreshWithAsyncAwait.swift */; };
		A6E94CA2267352C100A1A2C2 /* Searchable.swift in Sources */ = {isa = PBXBuildFile; fileRef = A6E94CA1267352C100A1A2C2 /* Searchable.swift */; };
		A6E94CA3267352C100A1A2C2 /* Searchable.swift in Sources */ = {isa = PBXBuildFile; fileRef = A6E94CA1267352C100A1A2C2 /* Searchable.swift */; };
		A6E94CA82673551000A1A2C2 /* SwipeActions.swift in Sources */ = {isa = PBXBuildFile; fileRef = A6E94CA72673551000A1A2C2 /* SwipeActions.swift */; };
		A6E94CA92673551000A1A2C2 /* SwipeActions.swift in Sources */ = {isa = PBXBuildFile; fileRef = A6E94CA72673551000A1A2C2 /* SwipeActions.swift */; };
		A6E94CAB2673592300A1A2C2 /* BackgroundMaterial.swift in Sources */ = {isa = PBXBuildFile; fileRef = A6E94CAA2673592300A1A2C2 /* BackgroundMaterial.swift */; };
		A6E94CAC2673592300A1A2C2 /* BackgroundMaterial.swift in Sources */ = {isa = PBXBuildFile; fileRef = A6E94CAA2673592300A1A2C2 /* BackgroundMaterial.swift */; };
		A6E94CAE26735AD100A1A2C2 /* AsyncImage.swift in Sources */ = {isa = PBXBuildFile; fileRef = A6E94CAD26735AD100A1A2C2 /* AsyncImage.swift */; };
		A6E94CAF26735AD100A1A2C2 /* AsyncImage.swift in Sources */ = {isa = PBXBuildFile; fileRef = A6E94CAD26735AD100A1A2C2 /* AsyncImage.swift */; };
		A6E94CB126735F9B00A1A2C2 /* FocusStateExample.swift in Sources */ = {isa = PBXBuildFile; fileRef = A6E94CB026735F9B00A1A2C2 /* FocusStateExample.swift */; };
		A6E94CB226735F9B00A1A2C2 /* FocusStateExample.swift in Sources */ = {isa = PBXBuildFile; fileRef = A6E94CB026735F9B00A1A2C2 /* FocusStateExample.swift */; };
		A6E94CB42673623200A1A2C2 /* TabViewBadges.swift in Sources */ = {isa = PBXBuildFile; fileRef = A6E94CB32673623200A1A2C2 /* TabViewBadges.swift */; };
		A6E94CB52673623200A1A2C2 /* TabViewBadges.swift in Sources */ = {isa = PBXBuildFile; fileRef = A6E94CB32673623200A1A2C2 /* TabViewBadges.swift */; };
		A6E94CB7267362C300A1A2C2 /* ListBadges.swift in Sources */ = {isa = PBXBuildFile; fileRef = A6E94CB6267362C300A1A2C2 /* ListBadges.swift */; };
		A6E94CB8267362C300A1A2C2 /* ListBadges.swift in Sources */ = {isa = PBXBuildFile; fileRef = A6E94CB6267362C300A1A2C2 /* ListBadges.swift */; };
		A6E94CBA2673637900A1A2C2 /* InteractiveDismissDisabled.swift in Sources */ = {isa = PBXBuildFile; fileRef = A6E94CB92673637900A1A2C2 /* InteractiveDismissDisabled.swift */; };
		A6E94CBB2673637900A1A2C2 /* InteractiveDismissDisabled.swift in Sources */ = {isa = PBXBuildFile; fileRef = A6E94CB92673637900A1A2C2 /* InteractiveDismissDisabled.swift */; };
		A6E94CBD267365F100A1A2C2 /* MarkdownText.swift in Sources */ = {isa = PBXBuildFile; fileRef = A6E94CBC267365F100A1A2C2 /* MarkdownText.swift */; };
		A6E94CBE267365F100A1A2C2 /* MarkdownText.swift in Sources */ = {isa = PBXBuildFile; fileRef = A6E94CBC267365F100A1A2C2 /* MarkdownText.swift */; };
		A6E94CC02673697500A1A2C2 /* Alert.swift in Sources */ = {isa = PBXBuildFile; fileRef = A6E94CBF2673697500A1A2C2 /* Alert.swift */; };
		A6E94CC12673697500A1A2C2 /* Alert.swift in Sources */ = {isa = PBXBuildFile; fileRef = A6E94CBF2673697500A1A2C2 /* Alert.swift */; };
		A6E94CC326736AED00A1A2C2 /* ConfirmationDialog.swift in Sources */ = {isa = PBXBuildFile; fileRef = A6E94CC226736AED00A1A2C2 /* ConfirmationDialog.swift */; };
		A6E94CC426736AED00A1A2C2 /* ConfirmationDialog.swift in Sources */ = {isa = PBXBuildFile; fileRef = A6E94CC226736AED00A1A2C2 /* ConfirmationDialog.swift */; };
		A6E94CC626736C5C00A1A2C2 /* OnSubmit.swift in Sources */ = {isa = PBXBuildFile; fileRef = A6E94CC526736C5C00A1A2C2 /* OnSubmit.swift */; };
		A6E94CC726736C5C00A1A2C2 /* OnSubmit.swift in Sources */ = {isa = PBXBuildFile; fileRef = A6E94CC526736C5C00A1A2C2 /* OnSubmit.swift */; };
		A6E94CC926736D1D00A1A2C2 /* MenuPrimaryAction.swift in Sources */ = {isa = PBXBuildFile; fileRef = A6E94CC826736D1D00A1A2C2 /* MenuPrimaryAction.swift */; };
		A6E94CCA26736D1D00A1A2C2 /* MenuPrimaryAction.swift in Sources */ = {isa = PBXBuildFile; fileRef = A6E94CC826736D1D00A1A2C2 /* MenuPrimaryAction.swift */; };
		A6E94CCC26736F5900A1A2C2 /* ForegroundStyle.swift in Sources */ = {isa = PBXBuildFile; fileRef = A6E94CCB26736F5900A1A2C2 /* ForegroundStyle.swift */; };
		A6E94CCD26736F5900A1A2C2 /* ForegroundStyle.swift in Sources */ = {isa = PBXBuildFile; fileRef = A6E94CCB26736F5900A1A2C2 /* ForegroundStyle.swift */; };
		A6E94CCF2673705600A1A2C2 /* ListFeatures.swift in Sources */ = {isa = PBXBuildFile; fileRef = A6E94CCE2673705600A1A2C2 /* ListFeatures.swift */; };
		A6E94CD02673705600A1A2C2 /* ListFeatures.swift in Sources */ = {isa = PBXBuildFile; fileRef = A6E94CCE2673705600A1A2C2 /* ListFeatures.swift */; };
/* End PBXBuildFile section */

/* Begin PBXFileReference section */
		A6CFAB6B267B2DC900DCEA11 /* PreferenceKeys.swift */ = {isa = PBXFileReference; lastKnownFileType = sourcecode.swift; path = PreferenceKeys.swift; sourceTree = "<group>"; };
		A6E94C8226734B7900A1A2C2 /* ExamplesApp.swift */ = {isa = PBXFileReference; lastKnownFileType = sourcecode.swift; path = ExamplesApp.swift; sourceTree = "<group>"; };
		A6E94C8326734B7900A1A2C2 /* ContentView.swift */ = {isa = PBXFileReference; lastKnownFileType = sourcecode.swift; path = ContentView.swift; sourceTree = "<group>"; };
		A6E94C8426734B7D00A1A2C2 /* Assets.xcassets */ = {isa = PBXFileReference; lastKnownFileType = folder.assetcatalog; path = Assets.xcassets; sourceTree = "<group>"; };
		A6E94C8926734B7D00A1A2C2 /* Examples.app */ = {isa = PBXFileReference; explicitFileType = wrapper.application; includeInIndex = 0; path = Examples.app; sourceTree = BUILT_PRODUCTS_DIR; };
		A6E94C8F26734B7D00A1A2C2 /* Examples.app */ = {isa = PBXFileReference; explicitFileType = wrapper.application; includeInIndex = 0; path = Examples.app; sourceTree = BUILT_PRODUCTS_DIR; };
		A6E94C9E26734BBD00A1A2C2 /* PullToRefreshWithAsyncAwait.swift */ = {isa = PBXFileReference; lastKnownFileType = sourcecode.swift; path = PullToRefreshWithAsyncAwait.swift; sourceTree = "<group>"; };
		A6E94CA1267352C100A1A2C2 /* Searchable.swift */ = {isa = PBXFileReference; lastKnownFileType = sourcecode.swift; path = Searchable.swift; sourceTree = "<group>"; };
		A6E94CA72673551000A1A2C2 /* SwipeActions.swift */ = {isa = PBXFileReference; lastKnownFileType = sourcecode.swift; path = SwipeActions.swift; sourceTree = "<group>"; };
		A6E94CAA2673592300A1A2C2 /* BackgroundMaterial.swift */ = {isa = PBXFileReference; lastKnownFileType = sourcecode.swift; path = BackgroundMaterial.swift; sourceTree = "<group>"; };
		A6E94CAD26735AD100A1A2C2 /* AsyncImage.swift */ = {isa = PBXFileReference; lastKnownFileType = sourcecode.swift; path = AsyncImage.swift; sourceTree = "<group>"; };
		A6E94CB026735F9B00A1A2C2 /* FocusStateExample.swift */ = {isa = PBXFileReference; lastKnownFileType = sourcecode.swift; path = FocusStateExample.swift; sourceTree = "<group>"; };
		A6E94CB32673623200A1A2C2 /* TabViewBadges.swift */ = {isa = PBXFileReference; lastKnownFileType = sourcecode.swift; path = TabViewBadges.swift; sourceTree = "<group>"; };
		A6E94CB6267362C300A1A2C2 /* ListBadges.swift */ = {isa = PBXFileReference; lastKnownFileType = sourcecode.swift; path = ListBadges.swift; sourceTree = "<group>"; };
		A6E94CB92673637900A1A2C2 /* InteractiveDismissDisabled.swift */ = {isa = PBXFileReference; lastKnownFileType = sourcecode.swift; path = InteractiveDismissDisabled.swift; sourceTree = "<group>"; };
		A6E94CBC267365F100A1A2C2 /* MarkdownText.swift */ = {isa = PBXFileReference; lastKnownFileType = sourcecode.swift; path = MarkdownText.swift; sourceTree = "<group>"; };
		A6E94CBF2673697500A1A2C2 /* Alert.swift */ = {isa = PBXFileReference; lastKnownFileType = sourcecode.swift; path = Alert.swift; sourceTree = "<group>"; };
		A6E94CC226736AED00A1A2C2 /* ConfirmationDialog.swift */ = {isa = PBXFileReference; lastKnownFileType = sourcecode.swift; path = ConfirmationDialog.swift; sourceTree = "<group>"; };
		A6E94CC526736C5C00A1A2C2 /* OnSubmit.swift */ = {isa = PBXFileReference; lastKnownFileType = sourcecode.swift; path = OnSubmit.swift; sourceTree = "<group>"; };
		A6E94CC826736D1D00A1A2C2 /* MenuPrimaryAction.swift */ = {isa = PBXFileReference; lastKnownFileType = sourcecode.swift; path = MenuPrimaryAction.swift; sourceTree = "<group>"; };
		A6E94CCB26736F5900A1A2C2 /* ForegroundStyle.swift */ = {isa = PBXFileReference; lastKnownFileType = sourcecode.swift; path = ForegroundStyle.swift; sourceTree = "<group>"; };
		A6E94CCE2673705600A1A2C2 /* ListFeatures.swift */ = {isa = PBXFileReference; lastKnownFileType = sourcecode.swift; path = ListFeatures.swift; sourceTree = "<group>"; };
/* End PBXFileReference section */

/* Begin PBXFrameworksBuildPhase section */
		A6E94C8626734B7D00A1A2C2 /* Frameworks */ = {
			isa = PBXFrameworksBuildPhase;
			buildActionMask = 2147483647;
			files = (
			);
			runOnlyForDeploymentPostprocessing = 0;
		};
		A6E94C8C26734B7D00A1A2C2 /* Frameworks */ = {
			isa = PBXFrameworksBuildPhase;
			buildActionMask = 2147483647;
			files = (
			);
			runOnlyForDeploymentPostprocessing = 0;
		};
/* End PBXFrameworksBuildPhase section */

/* Begin PBXGroup section */
		A6E94C7C26734B7900A1A2C2 = {
			isa = PBXGroup;
			children = (
				A6E94C8126734B7900A1A2C2 /* Shared */,
				A6E94C8A26734B7D00A1A2C2 /* Products */,
			);
			sourceTree = "<group>";
		};
		A6E94C8126734B7900A1A2C2 /* Shared */ = {
			isa = PBXGroup;
			children = (
				A6E94C8426734B7D00A1A2C2 /* Assets.xcassets */,
				A6E94C8326734B7900A1A2C2 /* ContentView.swift */,
				A6E94C8226734B7900A1A2C2 /* ExamplesApp.swift */,
				A6E94C9E26734BBD00A1A2C2 /* PullToRefreshWithAsyncAwait.swift */,
				A6E94CA1267352C100A1A2C2 /* Searchable.swift */,
				A6E94CA72673551000A1A2C2 /* SwipeActions.swift */,
				A6E94CAA2673592300A1A2C2 /* BackgroundMaterial.swift */,
				A6E94CAD26735AD100A1A2C2 /* AsyncImage.swift */,
				A6E94CB026735F9B00A1A2C2 /* FocusStateExample.swift */,
				A6E94CB32673623200A1A2C2 /* TabViewBadges.swift */,
				A6E94CB6267362C300A1A2C2 /* ListBadges.swift */,
				A6E94CB92673637900A1A2C2 /* InteractiveDismissDisabled.swift */,
				A6E94CBC267365F100A1A2C2 /* MarkdownText.swift */,
				A6E94CBF2673697500A1A2C2 /* Alert.swift */,
				A6E94CC226736AED00A1A2C2 /* ConfirmationDialog.swift */,
				A6E94CC526736C5C00A1A2C2 /* OnSubmit.swift */,
				A6E94CC826736D1D00A1A2C2 /* MenuPrimaryAction.swift */,
				A6E94CCB26736F5900A1A2C2 /* ForegroundStyle.swift */,
				A6E94CCE2673705600A1A2C2 /* ListFeatures.swift */,
				A6CFAB6B267B2DC900DCEA11 /* PreferenceKeys.swift */,
			);
			path = Shared;
			sourceTree = "<group>";
		};
		A6E94C8A26734B7D00A1A2C2 /* Products */ = {
			isa = PBXGroup;
			children = (
				A6E94C8926734B7D00A1A2C2 /* Examples.app */,
				A6E94C8F26734B7D00A1A2C2 /* Examples.app */,
			);
			name = Products;
			sourceTree = "<group>";
		};
/* End PBXGroup section */

/* Begin PBXNativeTarget section */
		A6E94C8826734B7D00A1A2C2 /* Examples (iOS) */ = {
			isa = PBXNativeTarget;
			buildConfigurationList = A6E94C9826734B7D00A1A2C2 /* Build configuration list for PBXNativeTarget "Examples (iOS)" */;
			buildPhases = (
				A6E94C8526734B7D00A1A2C2 /* Sources */,
				A6E94C8626734B7D00A1A2C2 /* Frameworks */,
				A6E94C8726734B7D00A1A2C2 /* Resources */,
			);
			buildRules = (
			);
			dependencies = (
			);
			name = "Examples (iOS)";
			productName = "Examples (iOS)";
			productReference = A6E94C8926734B7D00A1A2C2 /* Examples.app */;
			productType = "com.apple.product-type.application";
		};
		A6E94C8E26734B7D00A1A2C2 /* Examples (macOS) */ = {
			isa = PBXNativeTarget;
			buildConfigurationList = A6E94C9B26734B7D00A1A2C2 /* Build configuration list for PBXNativeTarget "Examples (macOS)" */;
			buildPhases = (
				A6E94C8B26734B7D00A1A2C2 /* Sources */,
				A6E94C8C26734B7D00A1A2C2 /* Frameworks */,
				A6E94C8D26734B7D00A1A2C2 /* Resources */,
			);
			buildRules = (
			);
			dependencies = (
			);
			name = "Examples (macOS)";
			productName = "Examples (macOS)";
			productReference = A6E94C8F26734B7D00A1A2C2 /* Examples.app */;
			productType = "com.apple.product-type.application";
		};
/* End PBXNativeTarget section */

/* Begin PBXProject section */
		A6E94C7D26734B7900A1A2C2 /* Project object */ = {
			isa = PBXProject;
			attributes = {
				BuildIndependentTargetsInParallel = 1;
				LastSwiftUpdateCheck = 1300;
				LastUpgradeCheck = 1300;
				TargetAttributes = {
					A6E94C8826734B7D00A1A2C2 = {
						CreatedOnToolsVersion = 13.0;
					};
					A6E94C8E26734B7D00A1A2C2 = {
						CreatedOnToolsVersion = 13.0;
					};
				};
			};
			buildConfigurationList = A6E94C8026734B7900A1A2C2 /* Build configuration list for PBXProject "Examples" */;
			compatibilityVersion = "Xcode 13.0";
			developmentRegion = en;
			hasScannedForEncodings = 0;
			knownRegions = (
				en,
				Base,
			);
			mainGroup = A6E94C7C26734B7900A1A2C2;
			productRefGroup = A6E94C8A26734B7D00A1A2C2 /* Products */;
			projectDirPath = "";
			projectRoot = "";
			targets = (
				A6E94C8826734B7D00A1A2C2 /* Examples (iOS) */,
				A6E94C8E26734B7D00A1A2C2 /* Examples (macOS) */,
			);
		};
/* End PBXProject section */

/* Begin PBXResourcesBuildPhase section */
		A6E94C8726734B7D00A1A2C2 /* Resources */ = {
			isa = PBXResourcesBuildPhase;
			buildActionMask = 2147483647;
			files = (
				A6E94C9426734B7D00A1A2C2 /* Assets.xcassets in Resources */,
			);
			runOnlyForDeploymentPostprocessing = 0;
		};
		A6E94C8D26734B7D00A1A2C2 /* Resources */ = {
			isa = PBXResourcesBuildPhase;
			buildActionMask = 2147483647;
			files = (
				A6E94C9526734B7D00A1A2C2 /* Assets.xcassets in Resources */,
			);
			runOnlyForDeploymentPostprocessing = 0;
		};
/* End PBXResourcesBuildPhase section */

/* Begin PBXSourcesBuildPhase section */
		A6E94C8526734B7D00A1A2C2 /* Sources */ = {
			isa = PBXSourcesBuildPhase;
			buildActionMask = 2147483647;
			files = (
				A6E94CAE26735AD100A1A2C2 /* AsyncImage.swift in Sources */,
				A6E94CBA2673637900A1A2C2 /* InteractiveDismissDisabled.swift in Sources */,
				A6E94CC626736C5C00A1A2C2 /* OnSubmit.swift in Sources */,
				A6E94CB7267362C300A1A2C2 /* ListBadges.swift in Sources */,
				A6E94C9226734B7D00A1A2C2 /* ContentView.swift in Sources */,
				A6CFAB6C267B2DC900DCEA11 /* PreferenceKeys.swift in Sources */,
				A6E94CB126735F9B00A1A2C2 /* FocusStateExample.swift in Sources */,
				A6E94CC02673697500A1A2C2 /* Alert.swift in Sources */,
				A6E94CC326736AED00A1A2C2 /* ConfirmationDialog.swift in Sources */,
				A6E94CA82673551000A1A2C2 /* SwipeActions.swift in Sources */,
				A6E94CA2267352C100A1A2C2 /* Searchable.swift in Sources */,
				A6E94CC926736D1D00A1A2C2 /* MenuPrimaryAction.swift in Sources */,
				A6E94C9F26734BBD00A1A2C2 /* PullToRefreshWithAsyncAwait.swift in Sources */,
				A6E94CCC26736F5900A1A2C2 /* ForegroundStyle.swift in Sources */,
				A6E94CB42673623200A1A2C2 /* TabViewBadges.swift in Sources */,
				A6E94CBD267365F100A1A2C2 /* MarkdownText.swift in Sources */,
				A6E94CAB2673592300A1A2C2 /* BackgroundMaterial.swift in Sources */,
				A6E94C9026734B7D00A1A2C2 /* ExamplesApp.swift in Sources */,
				A6E94CCF2673705600A1A2C2 /* ListFeatures.swift in Sources */,
			);
			runOnlyForDeploymentPostprocessing = 0;
		};
		A6E94C8B26734B7D00A1A2C2 /* Sources */ = {
			isa = PBXSourcesBuildPhase;
			buildActionMask = 2147483647;
			files = (
				A6E94CAF26735AD100A1A2C2 /* AsyncImage.swift in Sources */,
				A6E94CBB2673637900A1A2C2 /* InteractiveDismissDisabled.swift in Sources */,
				A6E94CC726736C5C00A1A2C2 /* OnSubmit.swift in Sources */,
				A6E94CB8267362C300A1A2C2 /* ListBadges.swift in Sources */,
				A6E94C9326734B7D00A1A2C2 /* ContentView.swift in Sources */,
				A6CFAB6D267B2DC900DCEA11 /* PreferenceKeys.swift in Sources */,
				A6E94CB226735F9B00A1A2C2 /* FocusStateExample.swift in Sources */,
				A6E94CC12673697500A1A2C2 /* Alert.swift in Sources */,
				A6E94CC426736AED00A1A2C2 /* ConfirmationDialog.swift in Sources */,
				A6E94CA92673551000A1A2C2 /* SwipeActions.swift in Sources */,
				A6E94CA3267352C100A1A2C2 /* Searchable.swift in Sources */,
				A6E94CCA26736D1D00A1A2C2 /* MenuPrimaryAction.swift in Sources */,
				A6E94CA026734BBD00A1A2C2 /* PullToRefreshWithAsyncAwait.swift in Sources */,
				A6E94CCD26736F5900A1A2C2 /* ForegroundStyle.swift in Sources */,
				A6E94CB52673623200A1A2C2 /* TabViewBadges.swift in Sources */,
				A6E94CBE267365F100A1A2C2 /* MarkdownText.swift in Sources */,
				A6E94CAC2673592300A1A2C2 /* BackgroundMaterial.swift in Sources */,
				A6E94C9126734B7D00A1A2C2 /* ExamplesApp.swift in Sources */,
				A6E94CD02673705600A1A2C2 /* ListFeatures.swift in Sources */,
			);
			runOnlyForDeploymentPostprocessing = 0;
		};
/* End PBXSourcesBuildPhase section */

/* Begin XCBuildConfiguration section */
		A6E94C9626734B7D00A1A2C2 /* Debug */ = {
			isa = XCBuildConfiguration;
			buildSettings = {
				ALWAYS_SEARCH_USER_PATHS = NO;
				CLANG_ANALYZER_NONNULL = YES;
				CLANG_ANALYZER_NUMBER_OBJECT_CONVERSION = YES_AGGRESSIVE;
				CLANG_CXX_LANGUAGE_STANDARD = "gnu++14";
				CLANG_CXX_LIBRARY = "libc++";
				CLANG_ENABLE_MODULES = YES;
				CLANG_ENABLE_OBJC_ARC = YES;
				CLANG_ENABLE_OBJC_WEAK = YES;
				CLANG_WARN_BLOCK_CAPTURE_AUTORELEASING = YES;
				CLANG_WARN_BOOL_CONVERSION = YES;
				CLANG_WARN_COMMA = YES;
				CLANG_WARN_CONSTANT_CONVERSION = YES;
				CLANG_WARN_DEPRECATED_OBJC_IMPLEMENTATIONS = YES;
				CLANG_WARN_DIRECT_OBJC_ISA_USAGE = YES_ERROR;
				CLANG_WARN_DOCUMENTATION_COMMENTS = YES;
				CLANG_WARN_EMPTY_BODY = YES;
				CLANG_WARN_ENUM_CONVERSION = YES;
				CLANG_WARN_INFINITE_RECURSION = YES;
				CLANG_WARN_INT_CONVERSION = YES;
				CLANG_WARN_NON_LITERAL_NULL_CONVERSION = YES;
				CLANG_WARN_OBJC_IMPLICIT_RETAIN_SELF = YES;
				CLANG_WARN_OBJC_LITERAL_CONVERSION = YES;
				CLANG_WARN_OBJC_ROOT_CLASS = YES_ERROR;
				CLANG_WARN_QUOTED_INCLUDE_IN_FRAMEWORK_HEADER = YES;
				CLANG_WARN_RANGE_LOOP_ANALYSIS = YES;
				CLANG_WARN_STRICT_PROTOTYPES = YES;
				CLANG_WARN_SUSPICIOUS_MOVE = YES;
				CLANG_WARN_UNGUARDED_AVAILABILITY = YES_AGGRESSIVE;
				CLANG_WARN_UNREACHABLE_CODE = YES;
				CLANG_WARN__DUPLICATE_METHOD_MATCH = YES;
				COPY_PHASE_STRIP = NO;
				DEBUG_INFORMATION_FORMAT = dwarf;
				ENABLE_STRICT_OBJC_MSGSEND = YES;
				ENABLE_TESTABILITY = YES;
				GCC_C_LANGUAGE_STANDARD = gnu11;
				GCC_DYNAMIC_NO_PIC = NO;
				GCC_NO_COMMON_BLOCKS = YES;
				GCC_OPTIMIZATION_LEVEL = 0;
				GCC_PREPROCESSOR_DEFINITIONS = (
					"DEBUG=1",
					"$(inherited)",
				);
				GCC_WARN_64_TO_32_BIT_CONVERSION = YES;
				GCC_WARN_ABOUT_RETURN_TYPE = YES_ERROR;
				GCC_WARN_UNDECLARED_SELECTOR = YES;
				GCC_WARN_UNINITIALIZED_AUTOS = YES_AGGRESSIVE;
				GCC_WARN_UNUSED_FUNCTION = YES;
				GCC_WARN_UNUSED_VARIABLE = YES;
				MTL_ENABLE_DEBUG_INFO = INCLUDE_SOURCE;
				MTL_FAST_MATH = YES;
				ONLY_ACTIVE_ARCH = YES;
				SWIFT_ACTIVE_COMPILATION_CONDITIONS = DEBUG;
				SWIFT_OPTIMIZATION_LEVEL = "-Onone";
			};
			name = Debug;
		};
		A6E94C9726734B7D00A1A2C2 /* Release */ = {
			isa = XCBuildConfiguration;
			buildSettings = {
				ALWAYS_SEARCH_USER_PATHS = NO;
				CLANG_ANALYZER_NONNULL = YES;
				CLANG_ANALYZER_NUMBER_OBJECT_CONVERSION = YES_AGGRESSIVE;
				CLANG_CXX_LANGUAGE_STANDARD = "gnu++14";
				CLANG_CXX_LIBRARY = "libc++";
				CLANG_ENABLE_MODULES = YES;
				CLANG_ENABLE_OBJC_ARC = YES;
				CLANG_ENABLE_OBJC_WEAK = YES;
				CLANG_WARN_BLOCK_CAPTURE_AUTORELEASING = YES;
				CLANG_WARN_BOOL_CONVERSION = YES;
				CLANG_WARN_COMMA = YES;
				CLANG_WARN_CONSTANT_CONVERSION = YES;
				CLANG_WARN_DEPRECATED_OBJC_IMPLEMENTATIONS = YES;
				CLANG_WARN_DIRECT_OBJC_ISA_USAGE = YES_ERROR;
				CLANG_WARN_DOCUMENTATION_COMMENTS = YES;
				CLANG_WARN_EMPTY_BODY = YES;
				CLANG_WARN_ENUM_CONVERSION = YES;
				CLANG_WARN_INFINITE_RECURSION = YES;
				CLANG_WARN_INT_CONVERSION = YES;
				CLANG_WARN_NON_LITERAL_NULL_CONVERSION = YES;
				CLANG_WARN_OBJC_IMPLICIT_RETAIN_SELF = YES;
				CLANG_WARN_OBJC_LITERAL_CONVERSION = YES;
				CLANG_WARN_OBJC_ROOT_CLASS = YES_ERROR;
				CLANG_WARN_QUOTED_INCLUDE_IN_FRAMEWORK_HEADER = YES;
				CLANG_WARN_RANGE_LOOP_ANALYSIS = YES;
				CLANG_WARN_STRICT_PROTOTYPES = YES;
				CLANG_WARN_SUSPICIOUS_MOVE = YES;
				CLANG_WARN_UNGUARDED_AVAILABILITY = YES_AGGRESSIVE;
				CLANG_WARN_UNREACHABLE_CODE = YES;
				CLANG_WARN__DUPLICATE_METHOD_MATCH = YES;
				COPY_PHASE_STRIP = NO;
				DEBUG_INFORMATION_FORMAT = "dwarf-with-dsym";
				ENABLE_NS_ASSERTIONS = NO;
				ENABLE_STRICT_OBJC_MSGSEND = YES;
				GCC_C_LANGUAGE_STANDARD = gnu11;
				GCC_NO_COMMON_BLOCKS = YES;
				GCC_WARN_64_TO_32_BIT_CONVERSION = YES;
				GCC_WARN_ABOUT_RETURN_TYPE = YES_ERROR;
				GCC_WARN_UNDECLARED_SELECTOR = YES;
				GCC_WARN_UNINITIALIZED_AUTOS = YES_AGGRESSIVE;
				GCC_WARN_UNUSED_FUNCTION = YES;
				GCC_WARN_UNUSED_VARIABLE = YES;
				MTL_ENABLE_DEBUG_INFO = NO;
				MTL_FAST_MATH = YES;
				SWIFT_COMPILATION_MODE = wholemodule;
				SWIFT_OPTIMIZATION_LEVEL = "-O";
			};
			name = Release;
		};
		A6E94C9926734B7D00A1A2C2 /* Debug */ = {
			isa = XCBuildConfiguration;
			buildSettings = {
				ASSETCATALOG_COMPILER_APPICON_NAME = AppIcon;
				ASSETCATALOG_COMPILER_GLOBAL_ACCENT_COLOR_NAME = AccentColor;
				CODE_SIGN_STYLE = Automatic;
				CURRENT_PROJECT_VERSION = 1;
				DEVELOPMENT_TEAM = D83H87UGV3;
				ENABLE_PREVIEWS = YES;
				GENERATE_INFOPLIST_FILE = YES;
				INFOPLIST_KEY_UIApplicationSceneManifest_Generation = YES;
				INFOPLIST_KEY_UIApplicationSupportsIndirectInputEvents = YES;
				INFOPLIST_KEY_UILaunchScreen_Generation = YES;
				INFOPLIST_KEY_UISupportedInterfaceOrientations_iPad = "UIInterfaceOrientationPortrait UIInterfaceOrientationPortraitUpsideDown UIInterfaceOrientationLandscapeLeft UIInterfaceOrientationLandscapeRight";
				INFOPLIST_KEY_UISupportedInterfaceOrientations_iPhone = "UIInterfaceOrientationPortrait UIInterfaceOrientationLandscapeLeft UIInterfaceOrientationLandscapeRight";
				IPHONEOS_DEPLOYMENT_TARGET = 15.0;
				LD_RUNPATH_SEARCH_PATHS = (
					"$(inherited)",
					"@executable_path/Frameworks",
				);
				MARKETING_VERSION = 1.0;
				PRODUCT_BUNDLE_IDENTIFIER = nl.combidi.Examples;
				PRODUCT_NAME = Examples;
				SDKROOT = iphoneos;
				SWIFT_EMIT_LOC_STRINGS = YES;
				SWIFT_VERSION = 5.0;
				TARGETED_DEVICE_FAMILY = "1,2";
			};
			name = Debug;
		};
		A6E94C9A26734B7D00A1A2C2 /* Release */ = {
			isa = XCBuildConfiguration;
			buildSettings = {
				ASSETCATALOG_COMPILER_APPICON_NAME = AppIcon;
				ASSETCATALOG_COMPILER_GLOBAL_ACCENT_COLOR_NAME = AccentColor;
				CODE_SIGN_STYLE = Automatic;
				CURRENT_PROJECT_VERSION = 1;
				DEVELOPMENT_TEAM = D83H87UGV3;
				ENABLE_PREVIEWS = YES;
				GENERATE_INFOPLIST_FILE = YES;
				INFOPLIST_KEY_UIApplicationSceneManifest_Generation = YES;
				INFOPLIST_KEY_UIApplicationSupportsIndirectInputEvents = YES;
				INFOPLIST_KEY_UILaunchScreen_Generation = YES;
				INFOPLIST_KEY_UISupportedInterfaceOrientations_iPad = "UIInterfaceOrientationPortrait UIInterfaceOrientationPortraitUpsideDown UIInterfaceOrientationLandscapeLeft UIInterfaceOrientationLandscapeRight";
				INFOPLIST_KEY_UISupportedInterfaceOrientations_iPhone = "UIInterfaceOrientationPortrait UIInterfaceOrientationLandscapeLeft UIInterfaceOrientationLandscapeRight";
				IPHONEOS_DEPLOYMENT_TARGET = 15.0;
				LD_RUNPATH_SEARCH_PATHS = (
					"$(inherited)",
					"@executable_path/Frameworks",
				);
				MARKETING_VERSION = 1.0;
				PRODUCT_BUNDLE_IDENTIFIER = nl.combidi.Examples;
				PRODUCT_NAME = Examples;
				SDKROOT = iphoneos;
				SWIFT_EMIT_LOC_STRINGS = YES;
				SWIFT_VERSION = 5.0;
				TARGETED_DEVICE_FAMILY = "1,2";
				VALIDATE_PRODUCT = YES;
			};
			name = Release;
		};
		A6E94C9C26734B7D00A1A2C2 /* Debug */ = {
			isa = XCBuildConfiguration;
			buildSettings = {
				ASSETCATALOG_COMPILER_APPICON_NAME = AppIcon;
				ASSETCATALOG_COMPILER_GLOBAL_ACCENT_COLOR_NAME = AccentColor;
				CODE_SIGN_STYLE = Automatic;
				COMBINE_HIDPI_IMAGES = YES;
				CURRENT_PROJECT_VERSION = 1;
				DEVELOPMENT_TEAM = D83H87UGV3;
				ENABLE_APP_SANDBOX = YES;
				ENABLE_HARDENED_RUNTIME = YES;
				ENABLE_PREVIEWS = YES;
				ENABLE_USER_SELECTED_FILES = readonly;
				GENERATE_INFOPLIST_FILE = YES;
				INFOPLIST_KEY_NSHumanReadableCopyright = "";
				LD_RUNPATH_SEARCH_PATHS = (
					"$(inherited)",
					"@executable_path/../Frameworks",
				);
				MACOSX_DEPLOYMENT_TARGET = 11.0;
				MARKETING_VERSION = 1.0;
				PRODUCT_BUNDLE_IDENTIFIER = nl.combidi.Examples;
				PRODUCT_NAME = Examples;
				SDKROOT = macosx;
				SWIFT_EMIT_LOC_STRINGS = YES;
				SWIFT_VERSION = 5.0;
			};
			name = Debug;
		};
		A6E94C9D26734B7D00A1A2C2 /* Release */ = {
			isa = XCBuildConfiguration;
			buildSettings = {
				ASSETCATALOG_COMPILER_APPICON_NAME = AppIcon;
				ASSETCATALOG_COMPILER_GLOBAL_ACCENT_COLOR_NAME = AccentColor;
				CODE_SIGN_STYLE = Automatic;
				COMBINE_HIDPI_IMAGES = YES;
				CURRENT_PROJECT_VERSION = 1;
				DEVELOPMENT_TEAM = D83H87UGV3;
				ENABLE_APP_SANDBOX = YES;
				ENABLE_HARDENED_RUNTIME = YES;
				ENABLE_PREVIEWS = YES;
				ENABLE_USER_SELECTED_FILES = readonly;
				GENERATE_INFOPLIST_FILE = YES;
				INFOPLIST_KEY_NSHumanReadableCopyright = "";
				LD_RUNPATH_SEARCH_PATHS = (
					"$(inherited)",
					"@executable_path/../Frameworks",
				);
				MACOSX_DEPLOYMENT_TARGET = 11.0;
				MARKETING_VERSION = 1.0;
				PRODUCT_BUNDLE_IDENTIFIER = nl.combidi.Examples;
				PRODUCT_NAME = Examples;
				SDKROOT = macosx;
				SWIFT_EMIT_LOC_STRINGS = YES;
				SWIFT_VERSION = 5.0;
			};
			name = Release;
		};
/* End XCBuildConfiguration section */

/* Begin XCConfigurationList section */
		A6E94C8026734B7900A1A2C2 /* Build configuration list for PBXProject "Examples" */ = {
			isa = XCConfigurationList;
			buildConfigurations = (
				A6E94C9626734B7D00A1A2C2 /* Debug */,
				A6E94C9726734B7D00A1A2C2 /* Release */,
			);
			defaultConfigurationIsVisible = 0;
			defaultConfigurationName = Release;
		};
		A6E94C9826734B7D00A1A2C2 /* Build configuration list for PBXNativeTarget "Examples (iOS)" */ = {
			isa = XCConfigurationList;
			buildConfigurations = (
				A6E94C9926734B7D00A1A2C2 /* Debug */,
				A6E94C9A26734B7D00A1A2C2 /* Release */,
			);
			defaultConfigurationIsVisible = 0;
			defaultConfigurationName = Release;
		};
		A6E94C9B26734B7D00A1A2C2 /* Build configuration list for PBXNativeTarget "Examples (macOS)" */ = {
			isa = XCConfigurationList;
			buildConfigurations = (
				A6E94C9C26734B7D00A1A2C2 /* Debug */,
				A6E94C9D26734B7D00A1A2C2 /* Release */,
			);
			defaultConfigurationIsVisible = 0;
			defaultConfigurationName = Release;
		};
/* End XCConfigurationList section */
	};
	rootObject = A6E94C7D26734B7900A1A2C2 /* Project object */;
}
